
Microsoft Visual Studio Solution File, Format Version 12.00
# Visual Studio Version 16
VisualStudioVersion = 16.0.30011.22
MinimumVisualStudioVersion = 10.0.40219.1
Project("{FAE04EC0-301F-11D3-BF4B-00C04F79EFBC}") = "Xbox Controller As Mouse", "Xbox Controller As Mouse.csproj", "{5CA0687B-42C5-4BD1-B573-6D89A923660E}"
EndProject
Global
	GlobalSection(SolutionConfigurationPlatforms) = preSolution
		Debug|Any CPU = Debug|Any CPU
		Release|Any CPU = Release|Any CPU
	EndGlobalSection
	GlobalSection(ProjectConfigurationPlatforms) = postSolution
		{5CA0687B-42C5-4BD1-B573-6D89A923660E}.Debug|Any CPU.ActiveCfg = Debug|Any CPU
		{5CA0687B-42C5-4BD1-B573-6D89A923660E}.Debug|Any CPU.Build.0 = Debug|Any CPU
		{5CA0687B-42C5-4BD1-B573-6D89A923660E}.Release|Any CPU.ActiveCfg = Release|Any CPU
		{5CA0687B-42C5-4BD1-B573-6D89A923660E}.Release|Any CPU.Build.0 = Release|Any CPU
	EndGlobalSection
	GlobalSection(SolutionProperties) = preSolution
		HideSolutionNode = FALSE
	EndGlobalSection
	GlobalSection(ExtensibilityGlobals) = postSolution
		SolutionGuid = {19F11DA9-DB41-4ED5-8B7B-742419585DEF}
	EndGlobalSection
EndGlobal
